{
  "name": "site",
  "lockfileVersion": 3,
  "requires": true,
  "scripts": {
    "build": "tsc -p src"
  },
  "packages": {
    "": {
      "dependencies": {
        "jquery": "^3.7.1",
        "typescript": "^5.3.0-dev.20231007"
      }
    },
    "node_modules/jquery": {
      "version": "3.7.1",
      "resolved": "https://registry.npmjs.org/jquery/-/jquery-3.7.1.tgz",
      "integrity": "sha512-m4avr8yL8kmFN8psrbFFFmB/If14iN5o9nw/NgnnM+kybDJpRsAynV2BsfpTYrTRysYUdADVD7CkUUizgkpLfg=="
    },
    "node_modules/typescript": {
      "version": "5.3.0-dev.20231007",
      "resolved": "https://registry.npmjs.org/typescript/-/typescript-5.3.0-dev.20231007.tgz",
      "integrity": "sha512-yNeHmU15JtC5TgUuiCaywQqtVJ6Q1T6mNwDg5N1ObnctoaqBrZ0FGy37NP0Y/UnJUhZxgcYrIb1gcial4fUiyA==",
      "bin": {
        "tsc": "bin/tsc",
        "tsserver": "bin/tsserver"
      },
      "engines": {
        "node": ">=14.17"
      }
    }
  }
}
